Microsoft Visual Studio Solution File, Format Version 12.00
# Visual Studio Version 17
VisualStudioVersion = 17.5.2.0
MinimumVisualStudioVersion = 10.0.40219.1
Project("{FAE04EC0-301F-11D3-BF4B-00C04F79EFBC}") = "Learnova", "Learnova.csproj", "{7FA21B4B-F635-74CA-717A-967F8F2038AA}"
EndProject
Global
	GlobalSection(SolutionConfigurationPlatforms) = preSolution
		Debug|Any CPU = Debug|Any CPU
		Release|Any CPU = Release|Any CPU
	EndGlobalSection
	GlobalSection(ProjectConfigurationPlatforms) = postSolution
		{7FA21B4B-F635-74CA-717A-967F8F2038AA}.Debug|Any CPU.ActiveCfg = Debug|Any CPU
		{7FA21B4B-F635-74CA-717A-967F8F2038AA}.Debug|Any CPU.Build.0 = Debug|Any CPU
		{7FA21B4B-F635-74CA-717A-967F8F2038AA}.Release|Any CPU.ActiveCfg = Release|Any CPU
		{7FA21B4B-F635-74CA-717A-967F8F2038AA}.Release|Any CPU.Build.0 = Release|Any CPU
	EndGlobalSection
	GlobalSection(SolutionProperties) = preSolution
		HideSolutionNode = FALSE
	EndGlobalSection
	GlobalSection(ExtensibilityGlobals) = postSolution
		SolutionGuid = {4AD3B431-2223-4A6F-9FA5-1D7E1025BAF2}
	EndGlobalSection
EndGlobal
